
Microsoft Visual Studio Solution File, Format Version 12.00
# Visual Studio Version 16
VisualStudioVersion = 16.0.30503.244
MinimumVisualStudioVersion = 10.0.40219.1
Project("{FAE04EC0-301F-11D3-BF4B-00C04F79EFBC}") = "ControlStudy", "ControlStudy.csproj", "{E737A8A0-FCA0-4915-AEAD-83CB2594E020}"
EndProject
Project("{FAE04EC0-301F-11D3-BF4B-00C04F79EFBC}") = "ControlStudyTests", "..\ControlStudyTests\ControlStudyTests.csproj", "{C8619D94-0FD1-4F58-853B-64836F6DBF8A}"
EndProject
Global
	GlobalSection(SolutionConfigurationPlatforms) = preSolution
		Debug|Any CPU = Debug|Any CPU
		Release|Any CPU = Release|Any CPU
	EndGlobalSection
	GlobalSection(ProjectConfigurationPlatforms) = postSolution
		{E737A8A0-FCA0-4915-AEAD-83CB2594E020}.Debug|Any CPU.ActiveCfg = Debug|Any CPU
		{E737A8A0-FCA0-4915-AEAD-83CB2594E020}.Debug|Any CPU.Build.0 = Debug|Any CPU
		{E737A8A0-FCA0-4915-AEAD-83CB2594E020}.Release|Any CPU.ActiveCfg = Release|Any CPU
		{E737A8A0-FCA0-4915-AEAD-83CB2594E020}.Release|Any CPU.Build.0 = Release|Any CPU
		{C8619D94-0FD1-4F58-853B-64836F6DBF8A}.Debug|Any CPU.ActiveCfg = Debug|Any CPU
		{C8619D94-0FD1-4F58-853B-64836F6DBF8A}.Debug|Any CPU.Build.0 = Debug|Any CPU
		{C8619D94-0FD1-4F58-853B-64836F6DBF8A}.Release|Any CPU.ActiveCfg = Release|Any CPU
		{C8619D94-0FD1-4F58-853B-64836F6DBF8A}.Release|Any CPU.Build.0 = Release|Any CPU
	EndGlobalSection
	GlobalSection(SolutionProperties) = preSolution
		HideSolutionNode = FALSE
	EndGlobalSection
	GlobalSection(ExtensibilityGlobals) = postSolution
		SolutionGuid = {E8CF0348-14A4-41D8-B40D-58C9935987BE}
	EndGlobalSection
EndGlobal
